// !$*UTF8*$!
{
	archiveVersion = 1;
	classes = {
	};
	objectVersion = 56;
	objects = {

/* Begin PBXBuildFile section */
		6ED6D3192B2B862100A04E78 /* TaskMasterApp.swift in Sources */ = {isa = PBXBuildFile; fileRef = 6ED6D3182B2B862100A04E78 /* TaskMasterApp.swift */; };
		6ED6D31B2B2B862100A04E78 /* ContentView.swift in Sources */ = {isa = PBXBuildFile; fileRef = 6ED6D31A2B2B862100A04E78 /* ContentView.swift */; };
		6ED6D31D2B2B862200A04E78 /* Assets.xcassets in Resources */ = {isa = PBXBuildFile; fileRef = 6ED6D31C2B2B862200A04E78 /* Assets.xcassets */; };
		6ED6D3202B2B862200A04E78 /* Preview Assets.xcassets in Resources */ = {isa = PBXBuildFile; fileRef = 6ED6D31F2B2B862200A04E78 /* Preview Assets.xcassets */; };
		6ED6D3292B2B869500A04E78 /* Task.swift in Sources */ = {isa = PBXBuildFile; fileRef = 6ED6D3282B2B869500A04E78 /* Task.swift */; };
		6ED6D32B2B2B94B500A04E78 /* TaskGroup.swift in Sources */ = {isa = PBXBuildFile; fileRef = 6ED6D32A2B2B94B500A04E78 /* TaskGroup.swift */; };
		6ED6D32D2B2B95D000A04E78 /* TaskSection.swift in Sources */ = {isa = PBXBuildFile; fileRef = 6ED6D32C2B2B95D000A04E78 /* TaskSection.swift */; };
		6ED6D3302B2B97A400A04E78 /* SidebarView.swift in Sources */ = {isa = PBXBuildFile; fileRef = 6ED6D32F2B2B97A400A04E78 /* SidebarView.swift */; };
		6ED6D3322B2B97BE00A04E78 /* StaticTaskListView.swift in Sources */ = {isa = PBXBuildFile; fileRef = 6ED6D3312B2B97BE00A04E78 /* StaticTaskListView.swift */; };
		6ED6D3342B2BA56C00A04E78 /* TaskListView.swift in Sources */ = {isa = PBXBuildFile; fileRef = 6ED6D3332B2BA56C00A04E78 /* TaskListView.swift */; };
		6ED6D3362B2BA67F00A04E78 /* TaskView.swift in Sources */ = {isa = PBXBuildFile; fileRef = 6ED6D3352B2BA67F00A04E78 /* TaskView.swift */; };
/* End PBXBuildFile section */

/* Begin PBXFileReference section */
		6ED6D3152B2B862100A04E78 /* TaskMaster.app */ = {isa = PBXFileReference; explicitFileType = wrapper.application; includeInIndex = 0; path = TaskMaster.app; sourceTree = BUILT_PRODUCTS_DIR; };
		6ED6D3182B2B862100A04E78 /* TaskMasterApp.swift */ = {isa = PBXFileReference; lastKnownFileType = sourcecode.swift; path = TaskMasterApp.swift; sourceTree = "<group>"; };
		6ED6D31A2B2B862100A04E78 /* ContentView.swift */ = {isa = PBXFileReference; lastKnownFileType = sourcecode.swift; path = ContentView.swift; sourceTree = "<group>"; };
		6ED6D31C2B2B862200A04E78 /* Assets.xcassets */ = {isa = PBXFileReference; lastKnownFileType = folder.assetcatalog; path = Assets.xcassets; sourceTree = "<group>"; };
		6ED6D31F2B2B862200A04E78 /* Preview Assets.xcassets */ = {isa = PBXFileReference; lastKnownFileType = folder.assetcatalog; path = "Preview Assets.xcassets"; sourceTree = "<group>"; };
		6ED6D3212B2B862200A04E78 /* TaskMaster.entitlements */ = {isa = PBXFileReference; lastKnownFileType = text.plist.entitlements; path = TaskMaster.entitlements; sourceTree = "<group>"; };
		6ED6D3282B2B869500A04E78 /* Task.swift */ = {isa = PBXFileReference; lastKnownFileType = sourcecode.swift; path = Task.swift; sourceTree = "<group>"; };
		6ED6D32A2B2B94B500A04E78 /* TaskGroup.swift */ = {isa = PBXFileReference; lastKnownFileType = sourcecode.swift; path = TaskGroup.swift; sourceTree = "<group>"; };
		6ED6D32C2B2B95D000A04E78 /* TaskSection.swift */ = {isa = PBXFileReference; lastKnownFileType = sourcecode.swift; path = TaskSection.swift; sourceTree = "<group>"; };
		6ED6D32F2B2B97A400A04E78 /* SidebarView.swift */ = {isa = PBXFileReference; lastKnownFileType = sourcecode.swift; path = SidebarView.swift; sourceTree = "<group>"; };
		6ED6D3312B2B97BE00A04E78 /* StaticTaskListView.swift */ = {isa = PBXFileReference; lastKnownFileType = sourcecode.swift; path = StaticTaskListView.swift; sourceTree = "<group>"; };
		6ED6D3332B2BA56C00A04E78 /* TaskListView.swift */ = {isa = PBXFileReference; lastKnownFileType = sourcecode.swift; path = TaskListView.swift; sourceTree = "<group>"; };
		6ED6D3352B2BA67F00A04E78 /* TaskView.swift */ = {isa = PBXFileReference; lastKnownFileType = sourcecode.swift; path = TaskView.swift; sourceTree = "<group>"; };
/* End PBXFileReference section */

/* Begin PBXFrameworksBuildPhase section */
		6ED6D3122B2B862100A04E78 /* Frameworks */ = {
			isa = PBXFrameworksBuildPhase;
			buildActionMask = 2147483647;
			files = (
			);
			runOnlyForDeploymentPostprocessing = 0;
		};
/* End PBXFrameworksBuildPhase section */

/* Begin PBXGroup section */
		6ED6D30C2B2B862100A04E78 = {
			isa = PBXGroup;
			children = (
				6ED6D3172B2B862100A04E78 /* TaskMaster */,
				6ED6D3162B2B862100A04E78 /* Products */,
			);
			sourceTree = "<group>";
		};
		6ED6D3162B2B862100A04E78 /* Products */ = {
			isa = PBXGroup;
			children = (
				6ED6D3152B2B862100A04E78 /* TaskMaster.app */,
			);
			name = Products;
			sourceTree = "<group>";
		};
		6ED6D3172B2B862100A04E78 /* TaskMaster */ = {
			isa = PBXGroup;
			children = (
				6ED6D32E2B2B979000A04E78 /* Views */,
				6ED6D3272B2B868100A04E78 /* Models */,
				6ED6D3182B2B862100A04E78 /* TaskMasterApp.swift */,
				6ED6D31A2B2B862100A04E78 /* ContentView.swift */,
				6ED6D31C2B2B862200A04E78 /* Assets.xcassets */,
				6ED6D3212B2B862200A04E78 /* TaskMaster.entitlements */,
				6ED6D31E2B2B862200A04E78 /* Preview Content */,
			);
			path = TaskMaster;
			sourceTree = "<group>";
		};
		6ED6D31E2B2B862200A04E78 /* Preview Content */ = {
			isa = PBXGroup;
			children = (
				6ED6D31F2B2B862200A04E78 /* Preview Assets.xcassets */,
			);
			path = "Preview Content";
			sourceTree = "<group>";
		};
		6ED6D3272B2B868100A04E78 /* Models */ = {
			isa = PBXGroup;
			children = (
				6ED6D3282B2B869500A04E78 /* Task.swift */,
				6ED6D32A2B2B94B500A04E78 /* TaskGroup.swift */,
				6ED6D32C2B2B95D000A04E78 /* TaskSection.swift */,
			);
			path = Models;
			sourceTree = "<group>";
		};
		6ED6D32E2B2B979000A04E78 /* Views */ = {
			isa = PBXGroup;
			children = (
				6ED6D32F2B2B97A400A04E78 /* SidebarView.swift */,
				6ED6D3312B2B97BE00A04E78 /* StaticTaskListView.swift */,
				6ED6D3332B2BA56C00A04E78 /* TaskListView.swift */,
				6ED6D3352B2BA67F00A04E78 /* TaskView.swift */,
			);
			path = Views;
			sourceTree = "<group>";
		};
/* End PBXGroup section */

/* Begin PBXNativeTarget section */
		6ED6D3142B2B862100A04E78 /* TaskMaster */ = {
			isa = PBXNativeTarget;
			buildConfigurationList = 6ED6D3242B2B862200A04E78 /* Build configuration list for PBXNativeTarget "TaskMaster" */;
			buildPhases = (
				6ED6D3112B2B862100A04E78 /* Sources */,
				6ED6D3122B2B862100A04E78 /* Frameworks */,
				6ED6D3132B2B862100A04E78 /* Resources */,
			);
			buildRules = (
			);
			dependencies = (
			);
			name = TaskMaster;
			productName = TaskMaster;
			productReference = 6ED6D3152B2B862100A04E78 /* TaskMaster.app */;
			productType = "com.apple.product-type.application";
		};
/* End PBXNativeTarget section */

/* Begin PBXProject section */
		6ED6D30D2B2B862100A04E78 /* Project object */ = {
			isa = PBXProject;
			attributes = {
				BuildIndependentTargetsInParallel = 1;
				LastSwiftUpdateCheck = 1510;
				LastUpgradeCheck = 1510;
				TargetAttributes = {
					6ED6D3142B2B862100A04E78 = {
						CreatedOnToolsVersion = 15.1;
					};
				};
			};
			buildConfigurationList = 6ED6D3102B2B862100A04E78 /* Build configuration list for PBXProject "TaskMaster" */;
			compatibilityVersion = "Xcode 14.0";
			developmentRegion = en;
			hasScannedForEncodings = 0;
			knownRegions = (
				en,
				Base,
			);
			mainGroup = 6ED6D30C2B2B862100A04E78;
			productRefGroup = 6ED6D3162B2B862100A04E78 /* Products */;
			projectDirPath = "";
			projectRoot = "";
			targets = (
				6ED6D3142B2B862100A04E78 /* TaskMaster */,
			);
		};
/* End PBXProject section */

/* Begin PBXResourcesBuildPhase section */
		6ED6D3132B2B862100A04E78 /* Resources */ = {
			isa = PBXResourcesBuildPhase;
			buildActionMask = 2147483647;
			files = (
				6ED6D3202B2B862200A04E78 /* Preview Assets.xcassets in Resources */,
				6ED6D31D2B2B862200A04E78 /* Assets.xcassets in Resources */,
			);
			runOnlyForDeploymentPostprocessing = 0;
		};
/* End PBXResourcesBuildPhase section */

/* Begin PBXSourcesBuildPhase section */
		6ED6D3112B2B862100A04E78 /* Sources */ = {
			isa = PBXSourcesBuildPhase;
			buildActionMask = 2147483647;
			files = (
				6ED6D3362B2BA67F00A04E78 /* TaskView.swift in Sources */,
				6ED6D3322B2B97BE00A04E78 /* StaticTaskListView.swift in Sources */,
				6ED6D31B2B2B862100A04E78 /* ContentView.swift in Sources */,
				6ED6D3292B2B869500A04E78 /* Task.swift in Sources */,
				6ED6D32D2B2B95D000A04E78 /* TaskSection.swift in Sources */,
				6ED6D32B2B2B94B500A04E78 /* TaskGroup.swift in Sources */,
				6ED6D3192B2B862100A04E78 /* TaskMasterApp.swift in Sources */,
				6ED6D3302B2B97A400A04E78 /* SidebarView.swift in Sources */,
				6ED6D3342B2BA56C00A04E78 /* TaskListView.swift in Sources */,
			);
			runOnlyForDeploymentPostprocessing = 0;
		};
/* End PBXSourcesBuildPhase section */

/* Begin XCBuildConfiguration section */
		6ED6D3222B2B862200A04E78 /* Debug */ = {
			isa = XCBuildConfiguration;
			buildSettings = {
				ALWAYS_SEARCH_USER_PATHS = NO;
				ASSETCATALOG_COMPILER_GENERATE_SWIFT_ASSET_SYMBOL_EXTENSIONS = YES;
				CLANG_ANALYZER_NONNULL = YES;
				CLANG_ANALYZER_NUMBER_OBJECT_CONVERSION = YES_AGGRESSIVE;
				CLANG_CXX_LANGUAGE_STANDARD = "gnu++20";
				CLANG_ENABLE_MODULES = YES;
				CLANG_ENABLE_OBJC_ARC = YES;
				CLANG_ENABLE_OBJC_WEAK = YES;
				CLANG_WARN_BLOCK_CAPTURE_AUTORELEASING = YES;
				CLANG_WARN_BOOL_CONVERSION = YES;
				CLANG_WARN_COMMA = YES;
				CLANG_WARN_CONSTANT_CONVERSION = YES;
				CLANG_WARN_DEPRECATED_OBJC_IMPLEMENTATIONS = YES;
				CLANG_WARN_DIRECT_OBJC_ISA_USAGE = YES_ERROR;
				CLANG_WARN_DOCUMENTATION_COMMENTS = YES;
				CLANG_WARN_EMPTY_BODY = YES;
				CLANG_WARN_ENUM_CONVERSION = YES;
				CLANG_WARN_INFINITE_RECURSION = YES;
				CLANG_WARN_INT_CONVERSION = YES;
				CLANG_WARN_NON_LITERAL_NULL_CONVERSION = YES;
				CLANG_WARN_OBJC_IMPLICIT_RETAIN_SELF = YES;
				CLANG_WARN_OBJC_LITERAL_CONVERSION = YES;
				CLANG_WARN_OBJC_ROOT_CLASS = YES_ERROR;
				CLANG_WARN_QUOTED_INCLUDE_IN_FRAMEWORK_HEADER = YES;
				CLANG_WARN_RANGE_LOOP_ANALYSIS = YES;
				CLANG_WARN_STRICT_PROTOTYPES = YES;
				CLANG_WARN_SUSPICIOUS_MOVE = YES;
				CLANG_WARN_UNGUARDED_AVAILABILITY = YES_AGGRESSIVE;
				CLANG_WARN_UNREACHABLE_CODE = YES;
				CLANG_WARN__DUPLICATE_METHOD_MATCH = YES;
				COPY_PHASE_STRIP = NO;
				DEBUG_INFORMATION_FORMAT = dwarf;
				ENABLE_STRICT_OBJC_MSGSEND = YES;
				ENABLE_TESTABILITY = YES;
				ENABLE_USER_SCRIPT_SANDBOXING = YES;
				GCC_C_LANGUAGE_STANDARD = gnu17;
				GCC_DYNAMIC_NO_PIC = NO;
				GCC_NO_COMMON_BLOCKS = YES;
				GCC_OPTIMIZATION_LEVEL = 0;
				GCC_PREPROCESSOR_DEFINITIONS = (
					"DEBUG=1",
					"$(inherited)",
				);
				GCC_WARN_64_TO_32_BIT_CONVERSION = YES;
				GCC_WARN_ABOUT_RETURN_TYPE = YES_ERROR;
				GCC_WARN_UNDECLARED_SELECTOR = YES;
				GCC_WARN_UNINITIALIZED_AUTOS = YES_AGGRESSIVE;
				GCC_WARN_UNUSED_FUNCTION = YES;
				GCC_WARN_UNUSED_VARIABLE = YES;
				LOCALIZATION_PREFERS_STRING_CATALOGS = YES;
				MACOSX_DEPLOYMENT_TARGET = 14.1;
				MTL_ENABLE_DEBUG_INFO = INCLUDE_SOURCE;
				MTL_FAST_MATH = YES;
				ONLY_ACTIVE_ARCH = YES;
				SDKROOT = macosx;
				SWIFT_ACTIVE_COMPILATION_CONDITIONS = "DEBUG $(inherited)";
				SWIFT_OPTIMIZATION_LEVEL = "-Onone";
			};
			name = Debug;
		};
		6ED6D3232B2B862200A04E78 /* Release */ = {
			isa = XCBuildConfiguration;
			buildSettings = {
				ALWAYS_SEARCH_USER_PATHS = NO;
				ASSETCATALOG_COMPILER_GENERATE_SWIFT_ASSET_SYMBOL_EXTENSIONS = YES;
				CLANG_ANALYZER_NONNULL = YES;
				CLANG_ANALYZER_NUMBER_OBJECT_CONVERSION = YES_AGGRESSIVE;
				CLANG_CXX_LANGUAGE_STANDARD = "gnu++20";
				CLANG_ENABLE_MODULES = YES;
				CLANG_ENABLE_OBJC_ARC = YES;
				CLANG_ENABLE_OBJC_WEAK = YES;
				CLANG_WARN_BLOCK_CAPTURE_AUTORELEASING = YES;
				CLANG_WARN_BOOL_CONVERSION = YES;
				CLANG_WARN_COMMA = YES;
				CLANG_WARN_CONSTANT_CONVERSION = YES;
				CLANG_WARN_DEPRECATED_OBJC_IMPLEMENTATIONS = YES;
				CLANG_WARN_DIRECT_OBJC_ISA_USAGE = YES_ERROR;
				CLANG_WARN_DOCUMENTATION_COMMENTS = YES;
				CLANG_WARN_EMPTY_BODY = YES;
				CLANG_WARN_ENUM_CONVERSION = YES;
				CLANG_WARN_INFINITE_RECURSION = YES;
				CLANG_WARN_INT_CONVERSION = YES;
				CLANG_WARN_NON_LITERAL_NULL_CONVERSION = YES;
				CLANG_WARN_OBJC_IMPLICIT_RETAIN_SELF = YES;
				CLANG_WARN_OBJC_LITERAL_CONVERSION = YES;
				CLANG_WARN_OBJC_ROOT_CLASS = YES_ERROR;
				CLANG_WARN_QUOTED_INCLUDE_IN_FRAMEWORK_HEADER = YES;
				CLANG_WARN_RANGE_LOOP_ANALYSIS = YES;
				CLANG_WARN_STRICT_PROTOTYPES = YES;
				CLANG_WARN_SUSPICIOUS_MOVE = YES;
				CLANG_WARN_UNGUARDED_AVAILABILITY = YES_AGGRESSIVE;
				CLANG_WARN_UNREACHABLE_CODE = YES;
				CLANG_WARN__DUPLICATE_METHOD_MATCH = YES;
				COPY_PHASE_STRIP = NO;
				DEBUG_INFORMATION_FORMAT = "dwarf-with-dsym";
				ENABLE_NS_ASSERTIONS = NO;
				ENABLE_STRICT_OBJC_MSGSEND = YES;
				ENABLE_USER_SCRIPT_SANDBOXING = YES;
				GCC_C_LANGUAGE_STANDARD = gnu17;
				GCC_NO_COMMON_BLOCKS = YES;
				GCC_WARN_64_TO_32_BIT_CONVERSION = YES;
				GCC_WARN_ABOUT_RETURN_TYPE = YES_ERROR;
				GCC_WARN_UNDECLARED_SELECTOR = YES;
				GCC_WARN_UNINITIALIZED_AUTOS = YES_AGGRESSIVE;
				GCC_WARN_UNUSED_FUNCTION = YES;
				GCC_WARN_UNUSED_VARIABLE = YES;
				LOCALIZATION_PREFERS_STRING_CATALOGS = YES;
				MACOSX_DEPLOYMENT_TARGET = 14.1;
				MTL_ENABLE_DEBUG_INFO = NO;
				MTL_FAST_MATH = YES;
				SDKROOT = macosx;
				SWIFT_COMPILATION_MODE = wholemodule;
			};
			name = Release;
		};
		6ED6D3252B2B862200A04E78 /* Debug */ = {
			isa = XCBuildConfiguration;
			buildSettings = {
				ASSETCATALOG_COMPILER_APPICON_NAME = AppIcon;
				ASSETCATALOG_COMPILER_GLOBAL_ACCENT_COLOR_NAME = AccentColor;
				CODE_SIGN_ENTITLEMENTS = TaskMaster/TaskMaster.entitlements;
				CODE_SIGN_STYLE = Automatic;
				COMBINE_HIDPI_IMAGES = YES;
				CURRENT_PROJECT_VERSION = 1;
				DEVELOPMENT_ASSET_PATHS = "\"TaskMaster/Preview Content\"";
				DEVELOPMENT_TEAM = SZ4N2ENSVJ;
				ENABLE_HARDENED_RUNTIME = YES;
				ENABLE_PREVIEWS = YES;
				GENERATE_INFOPLIST_FILE = YES;
				INFOPLIST_KEY_NSHumanReadableCopyright = "";
				LD_RUNPATH_SEARCH_PATHS = (
					"$(inherited)",
					"@executable_path/../Frameworks",
				);
				MARKETING_VERSION = 1.0;
				PRODUCT_BUNDLE_IDENTIFIER = io.storyrocket.TaskMaster;
				PRODUCT_NAME = "$(TARGET_NAME)";
				SUPPORTED_PLATFORMS = macosx;
				SUPPORTS_MACCATALYST = NO;
				SWIFT_EMIT_LOC_STRINGS = YES;
				SWIFT_VERSION = 5.0;
			};
			name = Debug;
		};
		6ED6D3262B2B862200A04E78 /* Release */ = {
			isa = XCBuildConfiguration;
			buildSettings = {
				ASSETCATALOG_COMPILER_APPICON_NAME = AppIcon;
				ASSETCATALOG_COMPILER_GLOBAL_ACCENT_COLOR_NAME = AccentColor;
				CODE_SIGN_ENTITLEMENTS = TaskMaster/TaskMaster.entitlements;
				CODE_SIGN_STYLE = Automatic;
				COMBINE_HIDPI_IMAGES = YES;
				CURRENT_PROJECT_VERSION = 1;
				DEVELOPMENT_ASSET_PATHS = "\"TaskMaster/Preview Content\"";
				DEVELOPMENT_TEAM = SZ4N2ENSVJ;
				ENABLE_HARDENED_RUNTIME = YES;
				ENABLE_PREVIEWS = YES;
				GENERATE_INFOPLIST_FILE = YES;
				INFOPLIST_KEY_NSHumanReadableCopyright = "";
				LD_RUNPATH_SEARCH_PATHS = (
					"$(inherited)",
					"@executable_path/../Frameworks",
				);
				MARKETING_VERSION = 1.0;
				PRODUCT_BUNDLE_IDENTIFIER = io.storyrocket.TaskMaster;
				PRODUCT_NAME = "$(TARGET_NAME)";
				SUPPORTED_PLATFORMS = macosx;
				SUPPORTS_MACCATALYST = NO;
				SWIFT_EMIT_LOC_STRINGS = YES;
				SWIFT_VERSION = 5.0;
			};
			name = Release;
		};
/* End XCBuildConfiguration section */

/* Begin XCConfigurationList section */
		6ED6D3102B2B862100A04E78 /* Build configuration list for PBXProject "TaskMaster" */ = {
			isa = XCConfigurationList;
			buildConfigurations = (
				6ED6D3222B2B862200A04E78 /* Debug */,
				6ED6D3232B2B862200A04E78 /* Release */,
			);
			defaultConfigurationIsVisible = 0;
			defaultConfigurationName = Release;
		};
		6ED6D3242B2B862200A04E78 /* Build configuration list for PBXNativeTarget "TaskMaster" */ = {
			isa = XCConfigurationList;
			buildConfigurations = (
				6ED6D3252B2B862200A04E78 /* Debug */,
				6ED6D3262B2B862200A04E78 /* Release */,
			);
			defaultConfigurationIsVisible = 0;
			defaultConfigurationName = Release;
		};
/* End XCConfigurationList section */
	};
	rootObject = 6ED6D30D2B2B862100A04E78 /* Project object */;
}
